
Microsoft Visual Studio Solution File, Format Version 12.00
# Visual Studio 2013
VisualStudioVersion = 12.0.30501.0
MinimumVisualStudioVersion = 10.0.40219.1
Project("{FAE04EC0-301F-11D3-BF4B-00C04F79EFBC}") = "Codesseum.Common", "Codesseum.Common\Codesseum.Common.csproj", "{D4810A38-01E3-4E90-A936-11E533A9887E}"
EndProject
Project("{FAE04EC0-301F-11D3-BF4B-00C04F79EFBC}") = "Codesseum.Test", "Codesseum.Test\Codesseum.Test.csproj", "{64278181-4594-4E1B-954F-C0424D5B7D97}"
EndProject
Project("{FAE04EC0-301F-11D3-BF4B-00C04F79EFBC}") = "TestBot", "Codesseum.TestBot\TestBot.csproj", "{BFF00D08-37A4-4AA2-9D47-C7319C440347}"
EndProject
Project("{FAE04EC0-301F-11D3-BF4B-00C04F79EFBC}") = "Codesseum.Simulator", "Codesseum.Simulator\Codesseum.Simulator.csproj", "{FBC7855F-D6FF-450A-BEDB-DF7FF24A2D6D}"
EndProject
Project("{FAE04EC0-301F-11D3-BF4B-00C04F79EFBC}") = "Codesseum.Web", "Codesseum.Web\Codesseum.Web.csproj", "{77742FF9-0ED4-42CB-8569-B3EF1D0E9F0A}"
EndProject
Global
	GlobalSection(TeamFoundationVersionControl) = preSolution
		SccNumberOfProjects = 6
		SccEnterpriseProvider = {4CA58AB2-18FA-4F8D-95D4-32DDF27D184C}
		SccTeamFoundationServer = https://reiteristvan.visualstudio.com/defaultcollection
		SccLocalPath0 = .
		SccProjectUniqueName1 = Codesseum.Common\\Codesseum.Common.csproj
		SccProjectName1 = Codesseum.Common
		SccLocalPath1 = Codesseum.Common
		SccProjectUniqueName2 = Codesseum.Test\\Codesseum.Test.csproj
		SccProjectName2 = Codesseum.Test
		SccLocalPath2 = Codesseum.Test
		SccProjectUniqueName3 = Codesseum.TestBot\\TestBot.csproj
		SccProjectName3 = Codesseum.TestBot
		SccLocalPath3 = Codesseum.TestBot
		SccProjectUniqueName4 = Codesseum.Simulator\\Codesseum.Simulator.csproj
		SccProjectName4 = Codesseum.Simulator
		SccLocalPath4 = Codesseum.Simulator
		SccProjectUniqueName5 = Codesseum.Web\\Codesseum.Web.csproj
		SccProjectName5 = Codesseum.Web
		SccLocalPath5 = Codesseum.Web
	EndGlobalSection
	GlobalSection(SolutionConfigurationPlatforms) = preSolution
		Debug|Any CPU = Debug|Any CPU
		Release|Any CPU = Release|Any CPU
	EndGlobalSection
	GlobalSection(ProjectConfigurationPlatforms) = postSolution
		{D4810A38-01E3-4E90-A936-11E533A9887E}.Debug|Any CPU.ActiveCfg = Debug|Any CPU
		{D4810A38-01E3-4E90-A936-11E533A9887E}.Debug|Any CPU.Build.0 = Debug|Any CPU
		{D4810A38-01E3-4E90-A936-11E533A9887E}.Release|Any CPU.ActiveCfg = Release|Any CPU
		{D4810A38-01E3-4E90-A936-11E533A9887E}.Release|Any CPU.Build.0 = Release|Any CPU
		{64278181-4594-4E1B-954F-C0424D5B7D97}.Debug|Any CPU.ActiveCfg = Debug|Any CPU
		{64278181-4594-4E1B-954F-C0424D5B7D97}.Debug|Any CPU.Build.0 = Debug|Any CPU
		{64278181-4594-4E1B-954F-C0424D5B7D97}.Release|Any CPU.ActiveCfg = Release|Any CPU
		{64278181-4594-4E1B-954F-C0424D5B7D97}.Release|Any CPU.Build.0 = Release|Any CPU
		{BFF00D08-37A4-4AA2-9D47-C7319C440347}.Debug|Any CPU.ActiveCfg = Debug|Any CPU
		{BFF00D08-37A4-4AA2-9D47-C7319C440347}.Debug|Any CPU.Build.0 = Debug|Any CPU
		{BFF00D08-37A4-4AA2-9D47-C7319C440347}.Release|Any CPU.ActiveCfg = Release|Any CPU
		{BFF00D08-37A4-4AA2-9D47-C7319C440347}.Release|Any CPU.Build.0 = Release|Any CPU
		{FBC7855F-D6FF-450A-BEDB-DF7FF24A2D6D}.Debug|Any CPU.ActiveCfg = Debug|Any CPU
		{FBC7855F-D6FF-450A-BEDB-DF7FF24A2D6D}.Debug|Any CPU.Build.0 = Debug|Any CPU
		{FBC7855F-D6FF-450A-BEDB-DF7FF24A2D6D}.Release|Any CPU.ActiveCfg = Release|Any CPU
		{FBC7855F-D6FF-450A-BEDB-DF7FF24A2D6D}.Release|Any CPU.Build.0 = Release|Any CPU
		{77742FF9-0ED4-42CB-8569-B3EF1D0E9F0A}.Debug|Any CPU.ActiveCfg = Debug|Any CPU
		{77742FF9-0ED4-42CB-8569-B3EF1D0E9F0A}.Debug|Any CPU.Build.0 = Debug|Any CPU
		{77742FF9-0ED4-42CB-8569-B3EF1D0E9F0A}.Release|Any CPU.ActiveCfg = Release|Any CPU
		{77742FF9-0ED4-42CB-8569-B3EF1D0E9F0A}.Release|Any CPU.Build.0 = Release|Any CPU
	EndGlobalSection
	GlobalSection(SolutionProperties) = preSolution
		HideSolutionNode = FALSE
	EndGlobalSection
EndGlobal
